
Microsoft Visual Studio Solution File, Format Version 12.00
# Visual Studio Version 17
VisualStudioVersion = 17.1.32228.430
MinimumVisualStudioVersion = 10.0.40219.1
Project("{FAE04EC0-301F-11D3-BF4B-00C04F79EFBC}") = "dydb.api", "dydb.api\dydb.api.csproj", "{336CDB03-A533-4DF1-A928-7E85A7C61729}"
EndProject
Global
	GlobalSection(SolutionConfigurationPlatforms) = preSolution
		Debug|Any CPU = Debug|Any CPU
		Release|Any CPU = Release|Any CPU
	EndGlobalSection
	GlobalSection(ProjectConfigurationPlatforms) = postSolution
		{336CDB03-A533-4DF1-A928-7E85A7C61729}.Debug|Any CPU.ActiveCfg = Debug|Any CPU
		{336CDB03-A533-4DF1-A928-7E85A7C61729}.Debug|Any CPU.Build.0 = Debug|Any CPU
		{336CDB03-A533-4DF1-A928-7E85A7C61729}.Release|Any CPU.ActiveCfg = Release|Any CPU
		{336CDB03-A533-4DF1-A928-7E85A7C61729}.Release|Any CPU.Build.0 = Release|Any CPU
	EndGlobalSection
	GlobalSection(SolutionProperties) = preSolution
		HideSolutionNode = FALSE
	EndGlobalSection
	GlobalSection(ExtensibilityGlobals) = postSolution
		SolutionGuid = {D431C605-394F-42B7-8911-9A002B85A7E4}
	EndGlobalSection
EndGlobal
