
Microsoft Visual Studio Solution File, Format Version 12.00
# Visual Studio 15
VisualStudioVersion = 15.0.27428.2015
MinimumVisualStudioVersion = 10.0.40219.1
Project("{9A19103F-16F7-4668-BE54-9A1E7A4F7556}") = "Musiquizza-React", "Musiquizza-React.csproj", "{6E057C01-B42F-4806-89AC-39B8229A6DC0}"
EndProject
Project("{9A19103F-16F7-4668-BE54-9A1E7A4F7556}") = "AWSSvcAppLib", "..\DynamoDBSvcLib\DynamoDBSvcLib\AWSSvcAppLib.csproj", "{A5F92D6C-D845-4BAA-A1F0-E147BBA1743A}"
EndProject
Global
	GlobalSection(SolutionConfigurationPlatforms) = preSolution
		Debug|Any CPU = Debug|Any CPU
		Release|Any CPU = Release|Any CPU
	EndGlobalSection
	GlobalSection(ProjectConfigurationPlatforms) = postSolution
		{6E057C01-B42F-4806-89AC-39B8229A6DC0}.Debug|Any CPU.ActiveCfg = Debug|Any CPU
		{6E057C01-B42F-4806-89AC-39B8229A6DC0}.Debug|Any CPU.Build.0 = Debug|Any CPU
		{6E057C01-B42F-4806-89AC-39B8229A6DC0}.Release|Any CPU.ActiveCfg = Release|Any CPU
		{6E057C01-B42F-4806-89AC-39B8229A6DC0}.Release|Any CPU.Build.0 = Release|Any CPU
		{A5F92D6C-D845-4BAA-A1F0-E147BBA1743A}.Debug|Any CPU.ActiveCfg = Debug|Any CPU
		{A5F92D6C-D845-4BAA-A1F0-E147BBA1743A}.Debug|Any CPU.Build.0 = Debug|Any CPU
		{A5F92D6C-D845-4BAA-A1F0-E147BBA1743A}.Release|Any CPU.ActiveCfg = Release|Any CPU
		{A5F92D6C-D845-4BAA-A1F0-E147BBA1743A}.Release|Any CPU.Build.0 = Release|Any CPU
	EndGlobalSection
	GlobalSection(SolutionProperties) = preSolution
		HideSolutionNode = FALSE
	EndGlobalSection
	GlobalSection(ExtensibilityGlobals) = postSolution
		SolutionGuid = {CD3C8545-0FD7-4CC3-82C1-89E6E0E07D90}
	EndGlobalSection
EndGlobal
