
Microsoft Visual Studio Solution File, Format Version 12.00
# Visual Studio 15
VisualStudioVersion = 15.0.27428.2015
MinimumVisualStudioVersion = 10.0.40219.1
Project("{9A19103F-16F7-4668-BE54-9A1E7A4F7556}") = "TestGlacier", "TestGlacier.csproj", "{8D2E11C5-0315-4AFF-B349-51E17E1645A7}"
EndProject
Global
	GlobalSection(SolutionConfigurationPlatforms) = preSolution
		Debug|Any CPU = Debug|Any CPU
		Release|Any CPU = Release|Any CPU
	EndGlobalSection
	GlobalSection(ProjectConfigurationPlatforms) = postSolution
		{8D2E11C5-0315-4AFF-B349-51E17E1645A7}.Debug|Any CPU.ActiveCfg = Debug|Any CPU
		{8D2E11C5-0315-4AFF-B349-51E17E1645A7}.Debug|Any CPU.Build.0 = Debug|Any CPU
		{8D2E11C5-0315-4AFF-B349-51E17E1645A7}.Release|Any CPU.ActiveCfg = Release|Any CPU
		{8D2E11C5-0315-4AFF-B349-51E17E1645A7}.Release|Any CPU.Build.0 = Release|Any CPU
	EndGlobalSection
	GlobalSection(SolutionProperties) = preSolution
		HideSolutionNode = FALSE
	EndGlobalSection
	GlobalSection(ExtensibilityGlobals) = postSolution
		SolutionGuid = {90ECEAC7-46E9-491C-A304-F201704165F9}
	EndGlobalSection
EndGlobal
