
Microsoft Visual Studio Solution File, Format Version 12.00
# Visual Studio 15
VisualStudioVersion = 15.0.27428.2015
MinimumVisualStudioVersion = 10.0.40219.1
Project("{9A19103F-16F7-4668-BE54-9A1E7A4F7556}") = "TestParameterStore", "TestParameterStore.csproj", "{11699736-BD2B-4AE6-9883-6EB16896BE38}"
EndProject
Global
	GlobalSection(SolutionConfigurationPlatforms) = preSolution
		Debug|Any CPU = Debug|Any CPU
		Release|Any CPU = Release|Any CPU
	EndGlobalSection
	GlobalSection(ProjectConfigurationPlatforms) = postSolution
		{11699736-BD2B-4AE6-9883-6EB16896BE38}.Debug|Any CPU.ActiveCfg = Debug|Any CPU
		{11699736-BD2B-4AE6-9883-6EB16896BE38}.Debug|Any CPU.Build.0 = Debug|Any CPU
		{11699736-BD2B-4AE6-9883-6EB16896BE38}.Release|Any CPU.ActiveCfg = Release|Any CPU
		{11699736-BD2B-4AE6-9883-6EB16896BE38}.Release|Any CPU.Build.0 = Release|Any CPU
	EndGlobalSection
	GlobalSection(SolutionProperties) = preSolution
		HideSolutionNode = FALSE
	EndGlobalSection
	GlobalSection(ExtensibilityGlobals) = postSolution
		SolutionGuid = {CAAE3174-EFA3-48F5-8633-1F58EE4C179B}
	EndGlobalSection
EndGlobal
