
Microsoft Visual Studio Solution File, Format Version 12.00
# Visual Studio Version 16
VisualStudioVersion = 16.0.30104.148
MinimumVisualStudioVersion = 10.0.40219.1
Project("{9A19103F-16F7-4668-BE54-9A1E7A4F7556}") = "S3-Example", "S3-Example.csproj", "{ED73D53A-0724-40AA-9F40-3093953EBD1B}"
EndProject
Global
	GlobalSection(SolutionConfigurationPlatforms) = preSolution
		Debug|Any CPU = Debug|Any CPU
		Release|Any CPU = Release|Any CPU
	EndGlobalSection
	GlobalSection(ProjectConfigurationPlatforms) = postSolution
		{ED73D53A-0724-40AA-9F40-3093953EBD1B}.Debug|Any CPU.ActiveCfg = Debug|Any CPU
		{ED73D53A-0724-40AA-9F40-3093953EBD1B}.Debug|Any CPU.Build.0 = Debug|Any CPU
		{ED73D53A-0724-40AA-9F40-3093953EBD1B}.Release|Any CPU.ActiveCfg = Release|Any CPU
		{ED73D53A-0724-40AA-9F40-3093953EBD1B}.Release|Any CPU.Build.0 = Release|Any CPU
	EndGlobalSection
	GlobalSection(SolutionProperties) = preSolution
		HideSolutionNode = FALSE
	EndGlobalSection
	GlobalSection(ExtensibilityGlobals) = postSolution
		SolutionGuid = {37DE0A34-95E6-43B9-A340-DF19006D2F74}
	EndGlobalSection
EndGlobal
