
Microsoft Visual Studio Solution File, Format Version 12.00
# Visual Studio Version 16
VisualStudioVersion = 16.0.30104.148
MinimumVisualStudioVersion = 10.0.40219.1
Project("{9A19103F-16F7-4668-BE54-9A1E7A4F7556}") = "dotnetlambda", "dotnetlambda.csproj", "{338DF3AC-3596-4B6D-853C-893AEA6484B1}"
EndProject
Global
	GlobalSection(SolutionConfigurationPlatforms) = preSolution
		Debug|Any CPU = Debug|Any CPU
		Release|Any CPU = Release|Any CPU
	EndGlobalSection
	GlobalSection(ProjectConfigurationPlatforms) = postSolution
		{338DF3AC-3596-4B6D-853C-893AEA6484B1}.Debug|Any CPU.ActiveCfg = Debug|Any CPU
		{338DF3AC-3596-4B6D-853C-893AEA6484B1}.Debug|Any CPU.Build.0 = Debug|Any CPU
		{338DF3AC-3596-4B6D-853C-893AEA6484B1}.Release|Any CPU.ActiveCfg = Release|Any CPU
		{338DF3AC-3596-4B6D-853C-893AEA6484B1}.Release|Any CPU.Build.0 = Release|Any CPU
	EndGlobalSection
	GlobalSection(SolutionProperties) = preSolution
		HideSolutionNode = FALSE
	EndGlobalSection
	GlobalSection(ExtensibilityGlobals) = postSolution
		SolutionGuid = {55D49724-9B47-4361-AFCE-D02FBD0DE207}
	EndGlobalSection
EndGlobal
