
Microsoft Visual Studio Solution File, Format Version 12.00
# Visual Studio 15
VisualStudioVersion = 15.0.27703.1
MinimumVisualStudioVersion = 10.0.40219.1
Project("{9A19103F-16F7-4668-BE54-9A1E7A4F7556}") = "DynamoDBWebApiSample", ".\DynamoDBWebApiSample.csproj", "{F254A7A5-B8B9-4026-9443-F58CC08D6C6E}"
EndProject
Global
	GlobalSection(SolutionConfigurationPlatforms) = preSolution
		Debug|Any CPU = Debug|Any CPU
		Release|Any CPU = Release|Any CPU
	EndGlobalSection
	GlobalSection(ProjectConfigurationPlatforms) = postSolution
		{F254A7A5-B8B9-4026-9443-F58CC08D6C6E}.Debug|Any CPU.ActiveCfg = Debug|Any CPU
		{F254A7A5-B8B9-4026-9443-F58CC08D6C6E}.Debug|Any CPU.Build.0 = Debug|Any CPU
		{F254A7A5-B8B9-4026-9443-F58CC08D6C6E}.Release|Any CPU.ActiveCfg = Release|Any CPU
		{F254A7A5-B8B9-4026-9443-F58CC08D6C6E}.Release|Any CPU.Build.0 = Release|Any CPU
	EndGlobalSection
	GlobalSection(SolutionProperties) = preSolution
		HideSolutionNode = FALSE
	EndGlobalSection
	GlobalSection(ExtensibilityGlobals) = postSolution
		SolutionGuid = {F6997146-9D2D-4A94-B974-6A99BDC4C126}
	EndGlobalSection
EndGlobal
