
Microsoft Visual Studio Solution File, Format Version 12.00
# Visual Studio 15
VisualStudioVersion = 15.0.27130.2024
MinimumVisualStudioVersion = 10.0.40219.1
Project("{FAE04EC0-301F-11D3-BF4B-00C04F79EFBC}") = "fargate-sample-app", "fargate-sample-app\fargate-sample-app.csproj", "{FFFE6047-442C-46C1-B6FD-FB6AF4795909}"
EndProject
Project("{E53339B2-1760-4266-BCC7-CA923CBCF16C}") = "docker-compose", "docker-compose.dcproj", "{5488F427-BB69-4D73-9D05-A3AF99BB0F73}"
EndProject
Global
	GlobalSection(SolutionConfigurationPlatforms) = preSolution
		Debug|Any CPU = Debug|Any CPU
		Release|Any CPU = Release|Any CPU
	EndGlobalSection
	GlobalSection(ProjectConfigurationPlatforms) = postSolution
		{FFFE6047-442C-46C1-B6FD-FB6AF4795909}.Debug|Any CPU.ActiveCfg = Debug|Any CPU
		{FFFE6047-442C-46C1-B6FD-FB6AF4795909}.Debug|Any CPU.Build.0 = Debug|Any CPU
		{FFFE6047-442C-46C1-B6FD-FB6AF4795909}.Release|Any CPU.ActiveCfg = Release|Any CPU
		{FFFE6047-442C-46C1-B6FD-FB6AF4795909}.Release|Any CPU.Build.0 = Release|Any CPU
		{5488F427-BB69-4D73-9D05-A3AF99BB0F73}.Debug|Any CPU.ActiveCfg = Debug|Any CPU
		{5488F427-BB69-4D73-9D05-A3AF99BB0F73}.Debug|Any CPU.Build.0 = Debug|Any CPU
		{5488F427-BB69-4D73-9D05-A3AF99BB0F73}.Release|Any CPU.ActiveCfg = Release|Any CPU
		{5488F427-BB69-4D73-9D05-A3AF99BB0F73}.Release|Any CPU.Build.0 = Release|Any CPU
	EndGlobalSection
	GlobalSection(SolutionProperties) = preSolution
		HideSolutionNode = FALSE
	EndGlobalSection
	GlobalSection(ExtensibilityGlobals) = postSolution
		SolutionGuid = {3AB399CB-DC17-49A3-9795-58BB351D460B}
	EndGlobalSection
EndGlobal
